[[package]]
category = "dev"
description = "Atomic file writes."
marker = "sys_platform == \"win32\""
name = "atomicwrites"
optional = false
python-versions = ">=2.7, !=3.0.*, !=3.1.*, !=3.2.*, !=3.3.*"
version = "1.4.0"

[[package]]
category = "dev"
description = "Classes Without Boilerplate"
name = "attrs"
optional = false
python-versions = ">=2.7, !=3.0.*, !=3.1.*, !=3.2.*, !=3.3.*"
version = "19.3.0"

[package.extras]
azure-pipelines = ["coverage", "hypothesis", "pympler", "pytest (>=4.3.0)", "six", "zope.interface", "pytest-azurepipelines"]
dev = ["coverage", "hypothesis", "pympler", "pytest (>=4.3.0)", "six", "zope.interface", "sphinx", "pre-commit"]
docs = ["sphinx", "zope.interface"]
tests = ["coverage", "hypothesis", "pympler", "pytest (>=4.3.0)", "six", "zope.interface"]

[[package]]
category = "main"
description = "Python package for providing Mozilla's CA Bundle."
name = "certifi"
optional = false
python-versions = "*"
version = "2020.4.5.1"

[[package]]
category = "main"
description = "Universal encoding detector for Python 2 and 3"
name = "chardet"
optional = false
python-versions = "*"
version = "3.0.4"

[[package]]
category = "main"
description = "Composable command line interface toolkit"
name = "click"
optional = false
python-versions = ">=2.7, !=3.0.*, !=3.1.*, !=3.2.*, !=3.3.*, !=3.4.*"
version = "7.1.2"

[[package]]
category = "dev"
description = "Cross-platform colored terminal text."
marker = "sys_platform == \"win32\""
name = "colorama"
optional = false
python-versions = ">=2.7, !=3.0.*, !=3.1.*, !=3.2.*, !=3.3.*, !=3.4.*"
version = "0.4.3"

[[package]]
category = "main"
description = "A platform independent file lock."
name = "filelock"
optional = false
python-versions = "*"
version = "3.0.12"

[[package]]
category = "main"
description = "Clean single-source support for Python 3 and 2"
name = "future"
optional = false
python-versions = ">=2.6, !=3.0.*, !=3.1.*, !=3.2.*"
version = "0.18.2"

[[package]]
category = "main"
description = "Internationalized Domain Names in Applications (IDNA)"
name = "idna"
optional = false
python-versions = ">=2.7, !=3.0.*, !=3.1.*, !=3.2.*, !=3.3.*"
version = "2.9"

[[package]]
category = "main"
description = "Lightweight pipelining: using Python functions as pipeline jobs."
name = "joblib"
optional = false
python-versions = ">=3.6"
version = "0.15.1"

[[package]]
category = "dev"
description = "More routines for operating on iterables, beyond itertools"
name = "more-itertools"
optional = false
python-versions = ">=3.5"
version = "8.3.0"

[[package]]
category = "main"
description = "NumPy is the fundamental package for array computing with Python."
name = "numpy"
optional = false
python-versions = ">=3.5"
version = "1.18.4"

[[package]]
category = "dev"
description = "Core utilities for Python packages"
name = "packaging"
optional = false
python-versions = ">=2.7, !=3.0.*, !=3.1.*, !=3.2.*, !=3.3.*"
version = "20.4"

[package.dependencies]
pyparsing = ">=2.0.2"
six = "*"

[[package]]
category = "main"
description = "Python Imaging Library (Fork)"
name = "pillow"
optional = false
python-versions = ">=3.5"
version = "7.1.2"

[[package]]
category = "dev"
description = "plugin and hook calling mechanisms for python"
name = "pluggy"
optional = false
python-versions = ">=2.7, !=3.0.*, !=3.1.*, !=3.2.*, !=3.3.*"
version = "0.13.1"

[package.extras]
dev = ["pre-commit", "tox"]

[[package]]
category = "dev"
description = "library with cross-python path, ini-parsing, io, code, log facilities"
name = "py"
optional = false
python-versions = ">=2.7, !=3.0.*, !=3.1.*, !=3.2.*, !=3.3.*"
version = "1.8.1"

[[package]]
category = "main"
description = "Python module for JUMAN/KNP."
name = "pyknp"
optional = false
python-versions = "*"
version = "0.4.1"

[package.dependencies]
six = "*"

[[package]]
category = "dev"
description = "Python parsing module"
name = "pyparsing"
optional = false
python-versions = ">=2.6, !=3.0.*, !=3.1.*, !=3.2.*"
version = "2.4.7"

[[package]]
category = "dev"
description = "pytest: simple powerful testing with Python"
name = "pytest"
optional = false
python-versions = ">=3.5"
version = "5.4.2"

[package.dependencies]
atomicwrites = ">=1.0"
attrs = ">=17.4.0"
colorama = "*"
more-itertools = ">=4.0.0"
packaging = "*"
pluggy = ">=0.12,<1.0"
py = ">=1.5.0"
wcwidth = "*"

[package.extras]
checkqa-mypy = ["mypy (v0.761)"]
testing = ["argcomplete", "hypothesis (>=3.56)", "mock", "nose", "requests", "xmlschema"]

[[package]]
category = "main"
description = "Alternative regular expression module, to replace re."
name = "regex"
optional = false
python-versions = "*"
version = "2020.5.14"

[[package]]
category = "main"
description = "Python HTTP for Humans."
name = "requests"
optional = false
python-versions = ">=2.7, !=3.0.*, !=3.1.*, !=3.2.*, !=3.3.*, !=3.4.*"
version = "2.23.0"

[package.dependencies]
certifi = ">=2017.4.17"
chardet = ">=3.0.2,<4"
idna = ">=2.5,<3"
urllib3 = ">=1.21.1,<1.25.0 || >1.25.0,<1.25.1 || >1.25.1,<1.26"

[package.extras]
security = ["pyOpenSSL (>=0.14)", "cryptography (>=1.3.4)"]
socks = ["PySocks (>=1.5.6,<1.5.7 || >1.5.7)", "win-inet-pton"]

[[package]]
category = "main"
description = "SacreMoses"
name = "sacremoses"
optional = false
python-versions = "*"
version = "0.0.43"

[package.dependencies]
click = "*"
joblib = "*"
regex = "*"
six = "*"
tqdm = "*"

[[package]]
category = "main"
description = "SentencePiece python wrapper"
name = "sentencepiece"
optional = false
python-versions = "*"
version = "0.1.90"

[[package]]
category = "main"
description = "Python 2 and 3 compatibility utilities"
name = "six"
optional = false
python-versions = ">=2.7, !=3.0.*, !=3.1.*, !=3.2.*"
version = "1.14.0"

[[package]]
category = "main"
description = "Fast and Customizable Tokenizers"
name = "tokenizers"
optional = false
python-versions = "*"
version = "0.7.0"

[package.extras]
testing = ["pytest"]

[[package]]
category = "main"
description = "Tensors and Dynamic neural networks in Python with strong GPU acceleration"
name = "torch"
optional = false
python-versions = ">=2.7, !=3.0.*, !=3.1.*, !=3.2.*, !=3.3.*, !=3.4.*, !=3.6.0"
version = "1.5.0"

[package.dependencies]
future = "*"
numpy = "*"

[[package]]
category = "main"
description = "image and video datasets and models for torch deep learning"
name = "torchvision"
optional = false
python-versions = "*"
version = "0.6.0"

[package.dependencies]
numpy = "*"
pillow = ">=4.1.1"
torch = "1.5.0"

[package.extras]
scipy = ["scipy"]

[[package]]
category = "main"
description = "Fast, Extensible Progress Meter"
name = "tqdm"
optional = false
python-versions = ">=2.6, !=3.0.*, !=3.1.*"
version = "4.46.0"

[package.extras]
dev = ["py-make (>=0.1.0)", "twine", "argopt", "pydoc-markdown"]

[[package]]
category = "main"
description = "State-of-the-art Natural Language Processing for TensorFlow 2.0 and PyTorch"
name = "transformers"
optional = false
python-versions = ">=3.6.0"
version = "2.9.1"

[package.dependencies]
filelock = "*"
numpy = "*"
regex = "!=2019.12.17"
requests = "*"
sacremoses = "*"
sentencepiece = "*"
tokenizers = "0.7.0"
tqdm = ">=4.27"

[package.extras]
all = ["pydantic", "uvicorn", "fastapi", "starlette", "tensorflow", "torch"]
dev = ["pytest", "pytest-xdist", "timeout-decorator", "black", "isort", "flake8 (3.7.9)", "mecab-python3", "scikit-learn", "tensorflow", "torch"]
docs = ["recommonmark", "sphinx", "sphinx-markdown-tables", "sphinx-rtd-theme"]
mecab = ["mecab-python3"]
quality = ["black", "isort", "flake8 (3.7.9)"]
serving = ["pydantic", "uvicorn", "fastapi", "starlette"]
sklearn = ["scikit-learn"]
testing = ["pytest", "pytest-xdist", "timeout-decorator"]
tf = ["tensorflow"]
tf-cpu = ["tensorflow-cpu"]
torch = ["torch"]

[[package]]
category = "main"
description = "HTTP library with thread-safe connection pooling, file post, and more."
name = "urllib3"
optional = false
python-versions = ">=2.7, !=3.0.*, !=3.1.*, !=3.2.*, !=3.3.*, !=3.4.*, <4"
version = "1.25.9"

[package.extras]
brotli = ["brotlipy (>=0.6.0)"]
secure = ["certifi", "cryptography (>=1.3.4)", "idna (>=2.0.0)", "pyOpenSSL (>=0.14)", "ipaddress"]
socks = ["PySocks (>=1.5.6,<1.5.7 || >1.5.7,<2.0)"]

[[package]]
category = "dev"
description = "Measures number of Terminal column cells of wide-character codes"
name = "wcwidth"
optional = false
python-versions = "*"
version = "0.1.9"

[metadata]
content-hash = "988704506ff5fc02cca4e7db0caefc0a22791039cddc31beaed64768a86ecb1c"
python-versions = "^3.8"

[metadata.files]
atomicwrites = [
    {file = "atomicwrites-1.4.0-py2.py3-none-any.whl", hash = "sha256:6d1784dea7c0c8d4a5172b6c620f40b6e4cbfdf96d783691f2e1302a7b88e197"},
    {file = "atomicwrites-1.4.0.tar.gz", hash = "sha256:ae70396ad1a434f9c7046fd2dd196fc04b12f9e91ffb859164193be8b6168a7a"},
]
attrs = [
    {file = "attrs-19.3.0-py2.py3-none-any.whl", hash = "sha256:08a96c641c3a74e44eb59afb61a24f2cb9f4d7188748e76ba4bb5edfa3cb7d1c"},
    {file = "attrs-19.3.0.tar.gz", hash = "sha256:f7b7ce16570fe9965acd6d30101a28f62fb4a7f9e926b3bbc9b61f8b04247e72"},
]
certifi = [
    {file = "certifi-2020.4.5.1-py2.py3-none-any.whl", hash = "sha256:1d987a998c75633c40847cc966fcf5904906c920a7f17ef374f5aa4282abd304"},
    {file = "certifi-2020.4.5.1.tar.gz", hash = "sha256:51fcb31174be6e6664c5f69e3e1691a2d72a1a12e90f872cbdb1567eb47b6519"},
]
chardet = [
    {file = "chardet-3.0.4-py2.py3-none-any.whl", hash = "sha256:fc323ffcaeaed0e0a02bf4d117757b98aed530d9ed4531e3e15460124c106691"},
    {file = "chardet-3.0.4.tar.gz", hash = "sha256:84ab92ed1c4d4f16916e05906b6b75a6c0fb5db821cc65e70cbd64a3e2a5eaae"},
]
click = [
    {file = "click-7.1.2-py2.py3-none-any.whl", hash = "sha256:dacca89f4bfadd5de3d7489b7c8a566eee0d3676333fbb50030263894c38c0dc"},
    {file = "click-7.1.2.tar.gz", hash = "sha256:d2b5255c7c6349bc1bd1e59e08cd12acbbd63ce649f2588755783aa94dfb6b1a"},
]
colorama = [
    {file = "colorama-0.4.3-py2.py3-none-any.whl", hash = "sha256:7d73d2a99753107a36ac6b455ee49046802e59d9d076ef8e47b61499fa29afff"},
    {file = "colorama-0.4.3.tar.gz", hash = "sha256:e96da0d330793e2cb9485e9ddfd918d456036c7149416295932478192f4436a1"},
]
filelock = [
    {file = "filelock-3.0.12-py3-none-any.whl", hash = "sha256:929b7d63ec5b7d6b71b0fa5ac14e030b3f70b75747cef1b10da9b879fef15836"},
    {file = "filelock-3.0.12.tar.gz", hash = "sha256:18d82244ee114f543149c66a6e0c14e9c4f8a1044b5cdaadd0f82159d6a6ff59"},
]
future = [
    {file = "future-0.18.2.tar.gz", hash = "sha256:b1bead90b70cf6ec3f0710ae53a525360fa360d306a86583adc6bf83a4db537d"},
]
idna = [
    {file = "idna-2.9-py2.py3-none-any.whl", hash = "sha256:a068a21ceac8a4d63dbfd964670474107f541babbd2250d61922f029858365fa"},
    {file = "idna-2.9.tar.gz", hash = "sha256:7588d1c14ae4c77d74036e8c22ff447b26d0fde8f007354fd48a7814db15b7cb"},
]
joblib = [
    {file = "joblib-0.15.1-py3-none-any.whl", hash = "sha256:6825784ffda353cc8a1be573118085789e5b5d29401856b35b756645ab5aecb5"},
    {file = "joblib-0.15.1.tar.gz", hash = "sha256:61e49189c84b3c5d99a969d314853f4d1d263316cc694bec17548ebaa9c47b6e"},
]
more-itertools = [
    {file = "more-itertools-8.3.0.tar.gz", hash = "sha256:558bb897a2232f5e4f8e2399089e35aecb746e1f9191b6584a151647e89267be"},
    {file = "more_itertools-8.3.0-py3-none-any.whl", hash = "sha256:7818f596b1e87be009031c7653d01acc46ed422e6656b394b0f765ce66ed4982"},
]
numpy = [
    {file = "numpy-1.18.4-cp35-cp35m-macosx_10_9_intel.whl", hash = "sha256:efdba339fffb0e80fcc19524e4fdbda2e2b5772ea46720c44eaac28096d60720"},
    {file = "numpy-1.18.4-cp35-cp35m-manylinux1_i686.whl", hash = "sha256:2b573fcf6f9863ce746e4ad00ac18a948978bb3781cffa4305134d31801f3e26"},
    {file = "numpy-1.18.4-cp35-cp35m-manylinux1_x86_64.whl", hash = "sha256:3f0dae97e1126f529ebb66f3c63514a0f72a177b90d56e4bce8a0b5def34627a"},
    {file = "numpy-1.18.4-cp35-cp35m-win32.whl", hash = "sha256:dccd380d8e025c867ddcb2f84b439722cf1f23f3a319381eac45fd077dee7170"},
    {file = "numpy-1.18.4-cp35-cp35m-win_amd64.whl", hash = "sha256:02ec9582808c4e48be4e93cd629c855e644882faf704bc2bd6bbf58c08a2a897"},
    {file = "numpy-1.18.4-cp36-cp36m-macosx_10_9_x86_64.whl", hash = "sha256:904b513ab8fbcbdb062bed1ce2f794ab20208a1b01ce9bd90776c6c7e7257032"},
    {file = "numpy-1.18.4-cp36-cp36m-manylinux1_i686.whl", hash = "sha256:e22cd0f72fc931d6abc69dc7764484ee20c6a60b0d0fee9ce0426029b1c1bdae"},
    {file = "numpy-1.18.4-cp36-cp36m-manylinux1_x86_64.whl", hash = "sha256:2466fbcf23711ebc5daa61d28ced319a6159b260a18839993d871096d66b93f7"},
    {file = "numpy-1.18.4-cp36-cp36m-win32.whl", hash = "sha256:00d7b54c025601e28f468953d065b9b121ddca7fff30bed7be082d3656dd798d"},
    {file = "numpy-1.18.4-cp36-cp36m-win_amd64.whl", hash = "sha256:7d59f21e43bbfd9a10953a7e26b35b6849d888fc5a331fa84a2d9c37bd9fe2a2"},
    {file = "numpy-1.18.4-cp37-cp37m-macosx_10_9_x86_64.whl", hash = "sha256:efb7ac5572c9a57159cf92c508aad9f856f1cb8e8302d7fdb99061dbe52d712c"},
    {file = "numpy-1.18.4-cp37-cp37m-manylinux1_i686.whl", hash = "sha256:0e6f72f7bb08f2f350ed4408bb7acdc0daba637e73bce9f5ea2b207039f3af88"},
    {file = "numpy-1.18.4-cp37-cp37m-manylinux1_x86_64.whl", hash = "sha256:9933b81fecbe935e6a7dc89cbd2b99fea1bf362f2790daf9422a7bb1dc3c3085"},
    {file = "numpy-1.18.4-cp37-cp37m-win32.whl", hash = "sha256:96dd36f5cdde152fd6977d1bbc0f0561bccffecfde63cd397c8e6033eb66baba"},
    {file = "numpy-1.18.4-cp37-cp37m-win_amd64.whl", hash = "sha256:57aea170fb23b1fd54fa537359d90d383d9bf5937ee54ae8045a723caa5e0961"},
    {file = "numpy-1.18.4-cp38-cp38-macosx_10_9_x86_64.whl", hash = "sha256:ed722aefb0ebffd10b32e67f48e8ac4c5c4cf5d3a785024fdf0e9eb17529cd9d"},
    {file = "numpy-1.18.4-cp38-cp38-manylinux1_i686.whl", hash = "sha256:50fb72bcbc2cf11e066579cb53c4ca8ac0227abb512b6cbc1faa02d1595a2a5d"},
    {file = "numpy-1.18.4-cp38-cp38-manylinux1_x86_64.whl", hash = "sha256:709c2999b6bd36cdaf85cf888d8512da7433529f14a3689d6e37ab5242e7add5"},
    {file = "numpy-1.18.4-cp38-cp38-win32.whl", hash = "sha256:f22273dd6a403ed870207b853a856ff6327d5cbce7a835dfa0645b3fc00273ec"},
    {file = "numpy-1.18.4-cp38-cp38-win_amd64.whl", hash = "sha256:1be2e96314a66f5f1ce7764274327fd4fb9da58584eaff00b5a5221edefee7d6"},
    {file = "numpy-1.18.4.zip", hash = "sha256:bbcc85aaf4cd84ba057decaead058f43191cc0e30d6bc5d44fe336dc3d3f4509"},
]
packaging = [
    {file = "packaging-20.4-py2.py3-none-any.whl", hash = "sha256:998416ba6962ae7fbd6596850b80e17859a5753ba17c32284f67bfff33784181"},
    {file = "packaging-20.4.tar.gz", hash = "sha256:4357f74f47b9c12db93624a82154e9b120fa8293699949152b22065d556079f8"},
]
pillow = [
    {file = "Pillow-7.1.2-cp35-cp35m-macosx_10_10_intel.whl", hash = "sha256:ae2b270f9a0b8822b98655cb3a59cdb1bd54a34807c6c56b76dd2e786c3b7db3"},
    {file = "Pillow-7.1.2-cp35-cp35m-manylinux1_i686.whl", hash = "sha256:d23e2aa9b969cf9c26edfb4b56307792b8b374202810bd949effd1c6e11ebd6d"},
    {file = "Pillow-7.1.2-cp35-cp35m-manylinux1_x86_64.whl", hash = "sha256:b532bcc2f008e96fd9241177ec580829dee817b090532f43e54074ecffdcd97f"},
    {file = "Pillow-7.1.2-cp35-cp35m-win32.whl", hash = "sha256:12e4bad6bddd8546a2f9771485c7e3d2b546b458ae8ff79621214119ac244523"},
    {file = "Pillow-7.1.2-cp35-cp35m-win_amd64.whl", hash = "sha256:9744350687459234867cbebfe9df8f35ef9e1538f3e729adbd8fde0761adb705"},
    {file = "Pillow-7.1.2-cp36-cp36m-macosx_10_10_x86_64.whl", hash = "sha256:f54be399340aa602066adb63a86a6a5d4f395adfdd9da2b9a0162ea808c7b276"},
    {file = "Pillow-7.1.2-cp36-cp36m-manylinux1_i686.whl", hash = "sha256:1f694e28c169655c50bb89a3fa07f3b854d71eb47f50783621de813979ba87f3"},
    {file = "Pillow-7.1.2-cp36-cp36m-manylinux1_x86_64.whl", hash = "sha256:f784aad988f12c80aacfa5b381ec21fd3f38f851720f652b9f33facc5101cf4d"},
    {file = "Pillow-7.1.2-cp36-cp36m-win32.whl", hash = "sha256:b37bb3bd35edf53125b0ff257822afa6962649995cbdfde2791ddb62b239f891"},
    {file = "Pillow-7.1.2-cp36-cp36m-win_amd64.whl", hash = "sha256:b67a6c47ed963c709ed24566daa3f95a18f07d3831334da570c71da53d97d088"},
    {file = "Pillow-7.1.2-cp37-cp37m-macosx_10_10_x86_64.whl", hash = "sha256:eaa83729eab9c60884f362ada982d3a06beaa6cc8b084cf9f76cae7739481dfa"},
    {file = "Pillow-7.1.2-cp37-cp37m-manylinux1_i686.whl", hash = "sha256:f46e0e024346e1474083c729d50de909974237c72daca05393ee32389dabe457"},
    {file = "Pillow-7.1.2-cp37-cp37m-manylinux1_x86_64.whl", hash = "sha256:0e2a3bceb0fd4e0cb17192ae506d5f082b309ffe5fc370a5667959c9b2f85fa3"},
    {file = "Pillow-7.1.2-cp37-cp37m-win32.whl", hash = "sha256:ccc9ad2460eb5bee5642eaf75a0438d7f8887d484490d5117b98edd7f33118b7"},
    {file = "Pillow-7.1.2-cp37-cp37m-win_amd64.whl", hash = "sha256:b943e71c2065ade6fef223358e56c167fc6ce31c50bc7a02dd5c17ee4338e8ac"},
    {file = "Pillow-7.1.2-cp38-cp38-macosx_10_10_x86_64.whl", hash = "sha256:04766c4930c174b46fd72d450674612ab44cca977ebbcc2dde722c6933290107"},
    {file = "Pillow-7.1.2-cp38-cp38-manylinux1_i686.whl", hash = "sha256:f455efb7a98557412dc6f8e463c1faf1f1911ec2432059fa3e582b6000fc90e2"},
    {file = "Pillow-7.1.2-cp38-cp38-manylinux1_x86_64.whl", hash = "sha256:ee94fce8d003ac9fd206496f2707efe9eadcb278d94c271f129ab36aa7181344"},
    {file = "Pillow-7.1.2-cp38-cp38-win32.whl", hash = "sha256:4b02b9c27fad2054932e89f39703646d0c543f21d3cc5b8e05434215121c28cd"},
    {file = "Pillow-7.1.2-cp38-cp38-win_amd64.whl", hash = "sha256:3d25dd8d688f7318dca6d8cd4f962a360ee40346c15893ae3b95c061cdbc4079"},
    {file = "Pillow-7.1.2-pp373-pypy36_pp73-win32.whl", hash = "sha256:0f01e63c34f0e1e2580cc0b24e86a5ccbbfa8830909a52ee17624c4193224cd9"},
    {file = "Pillow-7.1.2-py3.8-macosx-10.9-x86_64.egg", hash = "sha256:70e3e0d99a0dcda66283a185f80697a9b08806963c6149c8e6c5f452b2aa59c0"},
    {file = "Pillow-7.1.2.tar.gz", hash = "sha256:a0b49960110bc6ff5fead46013bcb8825d101026d466f3a4de3476defe0fb0dd"},
]
pluggy = [
    {file = "pluggy-0.13.1-py2.py3-none-any.whl", hash = "sha256:966c145cd83c96502c3c3868f50408687b38434af77734af1e9ca461a4081d2d"},
    {file = "pluggy-0.13.1.tar.gz", hash = "sha256:15b2acde666561e1298d71b523007ed7364de07029219b604cf808bfa1c765b0"},
]
py = [
    {file = "py-1.8.1-py2.py3-none-any.whl", hash = "sha256:c20fdd83a5dbc0af9efd622bee9a5564e278f6380fffcacc43ba6f43db2813b0"},
    {file = "py-1.8.1.tar.gz", hash = "sha256:5e27081401262157467ad6e7f851b7aa402c5852dbcb3dae06768434de5752aa"},
]
pyknp = [
    {file = "pyknp-0.4.1-py2-none-any.whl", hash = "sha256:98922d13395512fa4def77c15cf9fe4c81c65c072ba432db68a4fde1309f1193"},
    {file = "pyknp-0.4.1-py3-none-any.whl", hash = "sha256:5d165a0387f493bf72e917f56ca55047d162d5f5771a06d713012c428efdd480"},
]
pyparsing = [
    {file = "pyparsing-2.4.7-py2.py3-none-any.whl", hash = "sha256:ef9d7589ef3c200abe66653d3f1ab1033c3c419ae9b9bdb1240a85b024efc88b"},
    {file = "pyparsing-2.4.7.tar.gz", hash = "sha256:c203ec8783bf771a155b207279b9bccb8dea02d8f0c9e5f8ead507bc3246ecc1"},
]
pytest = [
    {file = "pytest-5.4.2-py3-none-any.whl", hash = "sha256:95c710d0a72d91c13fae35dce195633c929c3792f54125919847fdcdf7caa0d3"},
    {file = "pytest-5.4.2.tar.gz", hash = "sha256:eb2b5e935f6a019317e455b6da83dd8650ac9ffd2ee73a7b657a30873d67a698"},
]
regex = [
    {file = "regex-2020.5.14-cp27-cp27m-win32.whl", hash = "sha256:e565569fc28e3ba3e475ec344d87ed3cd8ba2d575335359749298a0899fe122e"},
    {file = "regex-2020.5.14-cp27-cp27m-win_amd64.whl", hash = "sha256:d466967ac8e45244b9dfe302bbe5e3337f8dc4dec8d7d10f5e950d83b140d33a"},
    {file = "regex-2020.5.14-cp36-cp36m-manylinux1_i686.whl", hash = "sha256:27ff7325b297fb6e5ebb70d10437592433601c423f5acf86e5bc1ee2919b9561"},
    {file = "regex-2020.5.14-cp36-cp36m-manylinux1_x86_64.whl", hash = "sha256:ea55b80eb0d1c3f1d8d784264a6764f931e172480a2f1868f2536444c5f01e01"},
    {file = "regex-2020.5.14-cp36-cp36m-manylinux2010_i686.whl", hash = "sha256:c9bce6e006fbe771a02bda468ec40ffccbf954803b470a0345ad39c603402577"},
    {file = "regex-2020.5.14-cp36-cp36m-manylinux2010_x86_64.whl", hash = "sha256:d881c2e657c51d89f02ae4c21d9adbef76b8325fe4d5cf0e9ad62f850f3a98fd"},
    {file = "regex-2020.5.14-cp36-cp36m-win32.whl", hash = "sha256:99568f00f7bf820c620f01721485cad230f3fb28f57d8fbf4a7967ec2e446994"},
    {file = "regex-2020.5.14-cp36-cp36m-win_amd64.whl", hash = "sha256:70c14743320a68c5dac7fc5a0f685be63bc2024b062fe2aaccc4acc3d01b14a1"},
    {file = "regex-2020.5.14-cp37-cp37m-manylinux1_i686.whl", hash = "sha256:a7c37f048ec3920783abab99f8f4036561a174f1314302ccfa4e9ad31cb00eb4"},
    {file = "regex-2020.5.14-cp37-cp37m-manylinux1_x86_64.whl", hash = "sha256:89d76ce33d3266173f5be80bd4efcbd5196cafc34100fdab814f9b228dee0fa4"},
    {file = "regex-2020.5.14-cp37-cp37m-manylinux2010_i686.whl", hash = "sha256:51f17abbe973c7673a61863516bdc9c0ef467407a940f39501e786a07406699c"},
    {file = "regex-2020.5.14-cp37-cp37m-manylinux2010_x86_64.whl", hash = "sha256:ce5cc53aa9fbbf6712e92c7cf268274eaff30f6bd12a0754e8133d85a8fb0f5f"},
    {file = "regex-2020.5.14-cp37-cp37m-win32.whl", hash = "sha256:8044d1c085d49673aadb3d7dc20ef5cb5b030c7a4fa253a593dda2eab3059929"},
    {file = "regex-2020.5.14-cp37-cp37m-win_amd64.whl", hash = "sha256:c2062c7d470751b648f1cacc3f54460aebfc261285f14bc6da49c6943bd48bdd"},
    {file = "regex-2020.5.14-cp38-cp38-manylinux1_i686.whl", hash = "sha256:329ba35d711e3428db6b45a53b1b13a0a8ba07cbbcf10bbed291a7da45f106c3"},
    {file = "regex-2020.5.14-cp38-cp38-manylinux1_x86_64.whl", hash = "sha256:579ea215c81d18da550b62ff97ee187b99f1b135fd894a13451e00986a080cad"},
    {file = "regex-2020.5.14-cp38-cp38-manylinux2010_i686.whl", hash = "sha256:3a9394197664e35566242686d84dfd264c07b20f93514e2e09d3c2b3ffdf78fe"},
    {file = "regex-2020.5.14-cp38-cp38-manylinux2010_x86_64.whl", hash = "sha256:ce367d21f33e23a84fb83a641b3834dd7dd8e9318ad8ff677fbfae5915a239f7"},
    {file = "regex-2020.5.14-cp38-cp38-win32.whl", hash = "sha256:1386e75c9d1574f6aa2e4eb5355374c8e55f9aac97e224a8a5a6abded0f9c927"},
    {file = "regex-2020.5.14-cp38-cp38-win_amd64.whl", hash = "sha256:7e61be8a2900897803c293247ef87366d5df86bf701083b6c43119c7c6c99108"},
    {file = "regex-2020.5.14.tar.gz", hash = "sha256:ce450ffbfec93821ab1fea94779a8440e10cf63819be6e176eb1973a6017aff5"},
]
requests = [
    {file = "requests-2.23.0-py2.py3-none-any.whl", hash = "sha256:43999036bfa82904b6af1d99e4882b560e5e2c68e5c4b0aa03b655f3d7d73fee"},
    {file = "requests-2.23.0.tar.gz", hash = "sha256:b3f43d496c6daba4493e7c431722aeb7dbc6288f52a6e04e7b6023b0247817e6"},
]
sacremoses = [
    {file = "sacremoses-0.0.43.tar.gz", hash = "sha256:123c1bf2664351fb05e16f87d3786dbe44a050cfd7b85161c09ad9a63a8e2948"},
]
sentencepiece = [
    {file = "sentencepiece-0.1.90-cp27-cp27m-macosx_10_6_x86_64.whl", hash = "sha256:c296d750d30cd0a555fde441b42bd4924721f687b22ded473a1ed5aab6efcc67"},
    {file = "sentencepiece-0.1.90-cp27-cp27m-manylinux1_i686.whl", hash = "sha256:e12a1e5c29001262480de1bd320b5536007d68b7a01635899eec0db3dbfe111a"},
    {file = "sentencepiece-0.1.90-cp27-cp27m-manylinux1_x86_64.whl", hash = "sha256:736ad81b1b035bf715e527c54868922941ee8ffd210a1779eff59126d2d544b1"},
    {file = "sentencepiece-0.1.90-cp27-cp27mu-manylinux1_i686.whl", hash = "sha256:fbbc2da9901552580a83b20ee58c34d91140103208864a64b66630544a413b3c"},
    {file = "sentencepiece-0.1.90-cp27-cp27mu-manylinux1_x86_64.whl", hash = "sha256:2c717d3c9e1261288ebf1ef77f77665efa4fcd16b6cf591f7f3271eac5fee3ab"},
    {file = "sentencepiece-0.1.90-cp35-cp35m-macosx_10_6_x86_64.whl", hash = "sha256:3a1659e6a2853c440af31d7aca242ff25340e57bdeaa27ac9de66ec5c8721afd"},
    {file = "sentencepiece-0.1.90-cp35-cp35m-manylinux1_i686.whl", hash = "sha256:7a7704dbadd4e26940333f1155b1c412a3fa5200c32d472dac18e00082ab1d16"},
    {file = "sentencepiece-0.1.90-cp35-cp35m-manylinux1_x86_64.whl", hash = "sha256:a049890bd309e77afa3bf0b4182ce64eb71d7b59604b85e06f7fd45b881cd1a3"},
    {file = "sentencepiece-0.1.90-cp36-cp36m-macosx_10_6_x86_64.whl", hash = "sha256:ff4e7c78b035f0bc9fdf69610a69f22fc330cbb352baf212d356d32316cb24b5"},
    {file = "sentencepiece-0.1.90-cp36-cp36m-manylinux1_i686.whl", hash = "sha256:fbed3501d653abb2ad50d372a7d88246e04a0a1b297f616f12d2bba870b527e0"},
    {file = "sentencepiece-0.1.90-cp36-cp36m-manylinux1_x86_64.whl", hash = "sha256:4aea3d1344b37d2feb1d2c14304fe43c1b2971e303cb0c1288f18d19be5d0210"},
    {file = "sentencepiece-0.1.90-cp36-cp36m-win32.whl", hash = "sha256:df824c256cbe219637f3ca59f0bfd450bf1246f87b58243f171d20da48fbbf21"},
    {file = "sentencepiece-0.1.90-cp36-cp36m-win_amd64.whl", hash = "sha256:d4811a325f442848ebc5116b2d21c6b53b57eb655430b012ddd3653161caf1b2"},
    {file = "sentencepiece-0.1.90-cp37-cp37m-macosx_10_6_x86_64.whl", hash = "sha256:6c89de6b3078b8cdcaece9c96530a9b92184efd40eaee7f666de663b62a9bfb1"},
    {file = "sentencepiece-0.1.90-cp37-cp37m-manylinux1_i686.whl", hash = "sha256:4e06fea80f87d14f3ac6a24f69034efbc7f33c3d66730063a87ff99f944619a5"},
    {file = "sentencepiece-0.1.90-cp37-cp37m-manylinux1_x86_64.whl", hash = "sha256:bdb707d0dce13ab16365f988398ec8cc90cb7098c61b2a80c63e0f3699b582c6"},
    {file = "sentencepiece-0.1.90-cp37-cp37m-win32.whl", hash = "sha256:f7bc61d19007cf871850f9dac27f6e905fe8494070b2e4063df9df9fcf7d41cc"},
    {file = "sentencepiece-0.1.90-cp37-cp37m-win_amd64.whl", hash = "sha256:81f64642acffefe4b45a417f48946334d696ade5f2cda8dcaac8160cfb0f9d66"},
    {file = "sentencepiece-0.1.90-cp38-cp38-macosx_10_6_x86_64.whl", hash = "sha256:9852a9e26d1d9b8778c705311b5f294682d20af6a9ebfee08868d8cc4d46df0d"},
    {file = "sentencepiece-0.1.90-cp38-cp38-manylinux1_i686.whl", hash = "sha256:830e6edabfd5019e92683fa125bdbb749fd313defa724538d4c2e2f35defd635"},
    {file = "sentencepiece-0.1.90-cp38-cp38-manylinux1_x86_64.whl", hash = "sha256:6e35dc1ea126c00b28121de7174fa0a70d62c2218ed1df010cc44be00e327676"},
    {file = "sentencepiece-0.1.90-cp38-cp38-win32.whl", hash = "sha256:a437a7ce2aa7860a131f9838102dee08dadd56515b3e810f09920ee762d9ecf5"},
    {file = "sentencepiece-0.1.90-cp38-cp38-win_amd64.whl", hash = "sha256:037fb6661f8cfa8d089ae19b9aa2c9d78a0559326f21f62d46bbc7574c6f79d3"},
]
six = [
    {file = "six-1.14.0-py2.py3-none-any.whl", hash = "sha256:8f3cd2e254d8f793e7f3d6d9df77b92252b52637291d0f0da013c76ea2724b6c"},
    {file = "six-1.14.0.tar.gz", hash = "sha256:236bdbdce46e6e6a3d61a337c0f8b763ca1e8717c03b369e87a7ec7ce1319c0a"},
]
tokenizers = [
    {file = "tokenizers-0.7.0-cp35-cp35m-macosx_10_10_x86_64.whl", hash = "sha256:c9edc043bc14462faf8b261b528661718e9c4f0b8424fb25be71cae26187432a"},
    {file = "tokenizers-0.7.0-cp35-cp35m-manylinux1_x86_64.whl", hash = "sha256:892dac477347c65d65eef5092e9aa0c02df17f1a6d2113380277505bc6ae1db4"},
    {file = "tokenizers-0.7.0-cp35-cp35m-win32.whl", hash = "sha256:aa7d429b4c2978e1b2265a9fdbf27fe723f3acb9d58cebd6756ef20584d2d5e5"},
    {file = "tokenizers-0.7.0-cp35-cp35m-win_amd64.whl", hash = "sha256:8f4203683b66369defa6fdd91ba07828715537ff31258dab171e4029bf54f7c9"},
    {file = "tokenizers-0.7.0-cp36-cp36m-macosx_10_10_x86_64.whl", hash = "sha256:e0faee1f08daaec0f9220967c8209b19e147e6eda55a22bea8fcc6f06aee95c7"},
    {file = "tokenizers-0.7.0-cp36-cp36m-manylinux1_x86_64.whl", hash = "sha256:17793599e4a0bb71730e366ecef47e4c0df2a79b4418d7557bf3af6cb995f8ba"},
    {file = "tokenizers-0.7.0-cp36-cp36m-win32.whl", hash = "sha256:fe3c994d2a993d32effcaf8600bf6ac29ef7de84519669f0efadb54f94d411a3"},
    {file = "tokenizers-0.7.0-cp36-cp36m-win_amd64.whl", hash = "sha256:83da606afe2a5e7941a25490d841924750d55d7667284d2d2ded2de520181790"},
    {file = "tokenizers-0.7.0-cp37-cp37m-macosx_10_10_x86_64.whl", hash = "sha256:1b28e8ec30eea03b0d9bf7fe80c6fd240b7e5b76e7ec9542af0a48ffc1853a16"},
    {file = "tokenizers-0.7.0-cp37-cp37m-manylinux1_x86_64.whl", hash = "sha256:695657cddabb9bb08444ba1bed822302039983c63d046e93760eb993739c3c10"},
    {file = "tokenizers-0.7.0-cp37-cp37m-win32.whl", hash = "sha256:a0abe20c50ca0760a895da33f1b55d452f21e55bddc418007d92d8665e86feb7"},
    {file = "tokenizers-0.7.0-cp37-cp37m-win_amd64.whl", hash = "sha256:b319d70f50c851ec4ae9a3d5c4eae1e3f74f8d720d61bc3d430915868a06a4a8"},
    {file = "tokenizers-0.7.0-cp38-cp38-macosx_10_10_x86_64.whl", hash = "sha256:f22ea3a79daf3705d9a8446821b3e202e8cc79467df7db75875d1fbb85d7c852"},
    {file = "tokenizers-0.7.0-cp38-cp38-manylinux1_x86_64.whl", hash = "sha256:2b101a752ee6147c4a5e08daa9c7d617259483fd4b0c70e7dfddfcadc8a73d2f"},
    {file = "tokenizers-0.7.0-cp38-cp38-win32.whl", hash = "sha256:03ad125d12e69a343763dbb160f43d953513cb32c5e11674c09431133ebcfd8b"},
    {file = "tokenizers-0.7.0-cp38-cp38-win_amd64.whl", hash = "sha256:40520c333c1d602d0f99602bfeecd8f734188fc4360268ec7eb4d8b8570c6e95"},
    {file = "tokenizers-0.7.0.tar.gz", hash = "sha256:a3cb9be31e3be381ab3f9e9ea7f96d4ba83588c40c44fe63b535b7341cdf74fe"},
]
torch = [
    {file = "torch-1.5.0-cp27-none-macosx_10_7_x86_64.whl", hash = "sha256:6fcfe5deaf0788bbe8639869d3c752ff5fe1bdedce11c7ed2d44379b1fbe6d6c"},
    {file = "torch-1.5.0-cp35-cp35m-manylinux1_x86_64.whl", hash = "sha256:931b79aed9aba50bf314214be6efaaf7972ea9539a3d63f82622bc5860a1fd81"},
    {file = "torch-1.5.0-cp35-none-macosx_10_6_x86_64.whl", hash = "sha256:7f3d6af2d7e2576b9640aa684f0c18a773efffe8b37f9056272287345c1dcba5"},
    {file = "torch-1.5.0-cp36-cp36m-manylinux1_x86_64.whl", hash = "sha256:dfaac4c5d27ac80705956743c34fb1ab5fb37e1646a6c8e45f05f7e739f6ea7c"},
    {file = "torch-1.5.0-cp36-none-macosx_10_9_x86_64.whl", hash = "sha256:402951484443bb49b5bc2129414ac6c644c07b8378e79922cf3645fd08cbfdc9"},
    {file = "torch-1.5.0-cp37-cp37m-manylinux1_x86_64.whl", hash = "sha256:865d4bec21542647e0822e8b753e05d67eee874974a3937273f710edd99a7516"},
    {file = "torch-1.5.0-cp37-none-macosx_10_9_x86_64.whl", hash = "sha256:3cc72d36eaeda96488e3a29373f739b887338952417b3e1620871063bf5d14d2"},
    {file = "torch-1.5.0-cp38-cp38-manylinux1_x86_64.whl", hash = "sha256:ecdc2ea4011e3ec04937b6b9e803ab671c3ac04e81b1df20354e01453e508b2f"},
    {file = "torch-1.5.0-cp38-none-macosx_10_9_x86_64.whl", hash = "sha256:cb4412c6b00117ab5e014d07dac45b87f1e918e31fbb849e7e39f1f9140fff59"},
]
torchvision = [
    {file = "torchvision-0.6.0-cp35-cp35m-macosx_10_6_x86_64.whl", hash = "sha256:0ea04a7e0f64599c158d36da01afd0cb3bc49033d2a145be4eb80c17c4c0482b"},
    {file = "torchvision-0.6.0-cp35-cp35m-manylinux1_x86_64.whl", hash = "sha256:a9b08435fdadd89520a78f5a54d196c05878d1a15e37f760d43f72f10bae308f"},
    {file = "torchvision-0.6.0-cp36-cp36m-macosx_10_9_x86_64.whl", hash = "sha256:8992f10a7860e0991766a788b546d5f11e3e7465e87a72eb9c78675dd2616400"},
    {file = "torchvision-0.6.0-cp36-cp36m-manylinux1_x86_64.whl", hash = "sha256:f43dae3b348afa5778439913ba1f3f176362ffc9e684ef01dc54dae7cf1b82e4"},
    {file = "torchvision-0.6.0-cp37-cp37m-macosx_10_9_x86_64.whl", hash = "sha256:0fa9e4a8381e5e04d0da0acd93f1429347053497ec343fe6d625b1b7fb2ce36e"},
    {file = "torchvision-0.6.0-cp37-cp37m-manylinux1_x86_64.whl", hash = "sha256:6eb4e0d7dc61030447b98d412162f222a95d848b3b0e484a81282c057af6dd25"},
    {file = "torchvision-0.6.0-cp38-cp38-macosx_10_9_x86_64.whl", hash = "sha256:691d68f3726b7392fe37db7184aef8a6b6f7cf6ff38fae769b287b3d6e1eb69a"},
    {file = "torchvision-0.6.0-cp38-cp38-manylinux1_x86_64.whl", hash = "sha256:ea39bed9e9497a67c5f66e37d3d5a663a0284868ae8616de81f65c66d9ad802b"},
]
tqdm = [
    {file = "tqdm-4.46.0-py2.py3-none-any.whl", hash = "sha256:acdafb20f51637ca3954150d0405ff1a7edde0ff19e38fb99a80a66210d2a28f"},
    {file = "tqdm-4.46.0.tar.gz", hash = "sha256:4733c4a10d0f2a4d098d801464bdaf5240c7dadd2a7fde4ee93b0a0efd9fb25e"},
]
transformers = [
    {file = "transformers-2.9.1-py3-none-any.whl", hash = "sha256:34483a2ed129a9a597b4eff9a9caf387083305efc5608f10d03fedf39926a671"},
    {file = "transformers-2.9.1.tar.gz", hash = "sha256:9e89cd844ffa32ed1d5c17132ec33f22972b83225e8e2ca975ae5515bd8f7c17"},
]
urllib3 = [
    {file = "urllib3-1.25.9-py2.py3-none-any.whl", hash = "sha256:88206b0eb87e6d677d424843ac5209e3fb9d0190d0ee169599165ec25e9d9115"},
    {file = "urllib3-1.25.9.tar.gz", hash = "sha256:3018294ebefce6572a474f0604c2021e33b3fd8006ecd11d62107a5d2a963527"},
]
wcwidth = [
    {file = "wcwidth-0.1.9-py2.py3-none-any.whl", hash = "sha256:cafe2186b3c009a04067022ce1dcd79cb38d8d65ee4f4791b8888d6599d1bbe1"},
    {file = "wcwidth-0.1.9.tar.gz", hash = "sha256:ee73862862a156bf77ff92b09034fc4825dd3af9cf81bc5b360668d425f3c5f1"},
]
